schema: '2.0'
stages:
  data_collection:
    cmd: python src/data/data_collection.py
    deps:
    - path: src/data/data_collection.py
      hash: md5
      md5: e914305149c2f87fb265ea15344e6794
      size: 2459
    params:
      params.yaml:
        data_collection.test_size: 0.2
    outs:
    - path: data/raw
      hash: md5
      md5: c0c2d65c14a603e91e029fda3c344a5c.dir
      size: 522262
      nfiles: 2
  pre_processing:
    cmd: python src/data/data_prep.py
    deps:
    - path: data/raw
      hash: md5
      md5: c0c2d65c14a603e91e029fda3c344a5c.dir
      size: 522262
      nfiles: 2
    - path: src/data/data_prep.py
      hash: md5
      md5: 76e9145735535f6a234754f5e91e6b93
      size: 2155
    outs:
    - path: data/processed
      hash: md5
      md5: 0beb4adc62d83817b414bed6f535f487.dir
      size: 546895
      nfiles: 2
  model_building:
    cmd: python src/model/model_building.py
    deps:
    - path: data/processed
      hash: md5
      md5: 0beb4adc62d83817b414bed6f535f487.dir
      size: 546895
      nfiles: 2
    - path: src/model/model_building.py
      hash: md5
      md5: 867ab0f59c2f84c37d08d7f6417cae8c
      size: 2996
    params:
      params.yaml:
        model_building.n_estimators: 140
    outs:
    - path: models/model.pkl
      hash: md5
      md5: f5e644d06f7633380417a4855bf6d7d2
      size: 10300307
  model_eval:
    cmd: python src/model/model_eval.py
    deps:
    - path: models/model.pkl
      hash: md5
      md5: f5e644d06f7633380417a4855bf6d7d2
      size: 10300307
    - path: src/model/model_eval.py
      hash: md5
      md5: d390071ae0cbf6793b90fa8d002690fa
      size: 5644
    outs:
    - path: reports/metrics.json
      hash: md5
      md5: 9703603e312e6026bf20349b18149992
      size: 145
